
Microsoft Visual Studio Solution File, Format Version 12.00
# Visual Studio Version 17
VisualStudioVersion = 17.14.36301.6
MinimumVisualStudioVersion = 10.0.40219.1
Project("{FAE04EC0-301F-11D3-BF4B-00C04F79EFBC}") = "StudentSemesterManager", "StudentSemesterManager\StudentSemesterManager.csproj", "{F5E3DBD3-BC4A-46A9-8846-5D1CF78054BC}"
EndProject
Project("{FAE04EC0-301F-11D3-BF4B-00C04F79EFBC}") = "SemesterCore", "SemesterCore\SemesterCore.csproj", "{4F799381-5020-4595-868E-FC2CE656E308}"
EndProject
Global
	GlobalSection(SolutionConfigurationPlatforms) = preSolution
		Debug|Any CPU = Debug|Any CPU
		Release|Any CPU = Release|Any CPU
	EndGlobalSection
	GlobalSection(ProjectConfigurationPlatforms) = postSolution
		{F5E3DBD3-BC4A-46A9-8846-5D1CF78054BC}.Debug|Any CPU.ActiveCfg = Debug|Any CPU
		{F5E3DBD3-BC4A-46A9-8846-5D1CF78054BC}.Debug|Any CPU.Build.0 = Debug|Any CPU
		{F5E3DBD3-BC4A-46A9-8846-5D1CF78054BC}.Release|Any CPU.ActiveCfg = Release|Any CPU
		{F5E3DBD3-BC4A-46A9-8846-5D1CF78054BC}.Release|Any CPU.Build.0 = Release|Any CPU
		{4F799381-5020-4595-868E-FC2CE656E308}.Debug|Any CPU.ActiveCfg = Debug|Any CPU
		{4F799381-5020-4595-868E-FC2CE656E308}.Debug|Any CPU.Build.0 = Debug|Any CPU
		{4F799381-5020-4595-868E-FC2CE656E308}.Release|Any CPU.ActiveCfg = Release|Any CPU
		{4F799381-5020-4595-868E-FC2CE656E308}.Release|Any CPU.Build.0 = Release|Any CPU
	EndGlobalSection
	GlobalSection(SolutionProperties) = preSolution
		HideSolutionNode = FALSE
	EndGlobalSection
	GlobalSection(ExtensibilityGlobals) = postSolution
		SolutionGuid = {1172CBF9-2ED0-4631-8647-DAB62ECE3683}
	EndGlobalSection
EndGlobal
